
Microsoft Visual Studio Solution File, Format Version 12.00
# Visual Studio 2013
VisualStudioVersion = 12.0.31101.0
MinimumVisualStudioVersion = 10.0.40219.1
Project("{FAE04EC0-301F-11D3-BF4B-00C04F79EFBC}") = "LCDBoardController", "LCDBoardController\LCDBoardController.csproj", "{5EABDD91-BFA9-4981-96A2-B2885A41B3DB}"
EndProject
Project("{FAE04EC0-301F-11D3-BF4B-00C04F79EFBC}") = "LCDBoardControllerMain", "LCDBoardControllerMain\LCDBoardControllerMain.csproj", "{5CAE9C9B-01E9-45C1-882A-85A848032AA3}"
EndProject
Project("{2150E333-8FDC-42A3-9474-1A3956D46DE8}") = "Solution Items", "Solution Items", "{0E82046E-AECB-4EF3-9709-81E155F4579C}"
	ProjectSection(SolutionItems) = preProject
		Specification.txt = Specification.txt
	EndProjectSection
EndProject
Project("{FAE04EC0-301F-11D3-BF4B-00C04F79EFBC}") = "CustomCharEdit", "CustomCharEdit\CustomCharEdit.csproj", "{4E2B818D-5D1B-4AC5-A05A-3C602F6F03A0}"
EndProject
Project("{FAE04EC0-301F-11D3-BF4B-00C04F79EFBC}") = "CharacterManager", "CharacterManager\CharacterManager.csproj", "{89DAB490-2A9A-4632-9664-2336124A9584}"
EndProject
Global
	GlobalSection(SolutionConfigurationPlatforms) = preSolution
		Debug|Any CPU = Debug|Any CPU
		Release|Any CPU = Release|Any CPU
	EndGlobalSection
	GlobalSection(ProjectConfigurationPlatforms) = postSolution
		{5EABDD91-BFA9-4981-96A2-B2885A41B3DB}.Debug|Any CPU.ActiveCfg = Debug|Any CPU
		{5EABDD91-BFA9-4981-96A2-B2885A41B3DB}.Debug|Any CPU.Build.0 = Debug|Any CPU
		{5EABDD91-BFA9-4981-96A2-B2885A41B3DB}.Release|Any CPU.ActiveCfg = Release|Any CPU
		{5EABDD91-BFA9-4981-96A2-B2885A41B3DB}.Release|Any CPU.Build.0 = Release|Any CPU
		{5CAE9C9B-01E9-45C1-882A-85A848032AA3}.Debug|Any CPU.ActiveCfg = Debug|Any CPU
		{5CAE9C9B-01E9-45C1-882A-85A848032AA3}.Debug|Any CPU.Build.0 = Debug|Any CPU
		{5CAE9C9B-01E9-45C1-882A-85A848032AA3}.Release|Any CPU.ActiveCfg = Release|Any CPU
		{5CAE9C9B-01E9-45C1-882A-85A848032AA3}.Release|Any CPU.Build.0 = Release|Any CPU
		{4E2B818D-5D1B-4AC5-A05A-3C602F6F03A0}.Debug|Any CPU.ActiveCfg = Debug|Any CPU
		{4E2B818D-5D1B-4AC5-A05A-3C602F6F03A0}.Debug|Any CPU.Build.0 = Debug|Any CPU
		{4E2B818D-5D1B-4AC5-A05A-3C602F6F03A0}.Release|Any CPU.ActiveCfg = Release|Any CPU
		{4E2B818D-5D1B-4AC5-A05A-3C602F6F03A0}.Release|Any CPU.Build.0 = Release|Any CPU
		{89DAB490-2A9A-4632-9664-2336124A9584}.Debug|Any CPU.ActiveCfg = Debug|Any CPU
		{89DAB490-2A9A-4632-9664-2336124A9584}.Debug|Any CPU.Build.0 = Debug|Any CPU
		{89DAB490-2A9A-4632-9664-2336124A9584}.Release|Any CPU.ActiveCfg = Release|Any CPU
		{89DAB490-2A9A-4632-9664-2336124A9584}.Release|Any CPU.Build.0 = Release|Any CPU
	EndGlobalSection
	GlobalSection(SolutionProperties) = preSolution
		HideSolutionNode = FALSE
	EndGlobalSection
EndGlobal
