
Microsoft Visual Studio Solution File, Format Version 12.00
# Visual Studio Version 17
VisualStudioVersion = 17.9.34607.119
MinimumVisualStudioVersion = 10.0.40219.1
Project("{FAE04EC0-301F-11D3-BF4B-00C04F79EFBC}") = "Celarix.JustForFun.InfinitePowerBeacon", "Celarix.JustForFun.InfinitePowerBeacon\Celarix.JustForFun.InfinitePowerBeacon.csproj", "{590FE990-B5F4-4379-967E-6A2273271E3F}"
EndProject
Global
	GlobalSection(SolutionConfigurationPlatforms) = preSolution
		Debug|Any CPU = Debug|Any CPU
		Release|Any CPU = Release|Any CPU
	EndGlobalSection
	GlobalSection(ProjectConfigurationPlatforms) = postSolution
		{590FE990-B5F4-4379-967E-6A2273271E3F}.Debug|Any CPU.ActiveCfg = Debug|Any CPU
		{590FE990-B5F4-4379-967E-6A2273271E3F}.Debug|Any CPU.Build.0 = Debug|Any CPU
		{590FE990-B5F4-4379-967E-6A2273271E3F}.Release|Any CPU.ActiveCfg = Release|Any CPU
		{590FE990-B5F4-4379-967E-6A2273271E3F}.Release|Any CPU.Build.0 = Release|Any CPU
	EndGlobalSection
	GlobalSection(SolutionProperties) = preSolution
		HideSolutionNode = FALSE
	EndGlobalSection
	GlobalSection(ExtensibilityGlobals) = postSolution
		SolutionGuid = {6DDB293B-AEA1-45C9-94CB-63CD02200FB9}
	EndGlobalSection
EndGlobal
