
Microsoft Visual Studio Solution File, Format Version 12.00
# Visual Studio Version 17
VisualStudioVersion = 17.2.32505.173
MinimumVisualStudioVersion = 10.0.40219.1
Project("{FAE04EC0-301F-11D3-BF4B-00C04F79EFBC}") = "Celarix.JustForFun.LunaGalatea", "Celarix.JustForFun.LunaGalatea\Celarix.JustForFun.LunaGalatea.csproj", "{4EF65F01-9A5C-48F7-8459-94ED4016ECFA}"
EndProject
Global
	GlobalSection(SolutionConfigurationPlatforms) = preSolution
		Debug|Any CPU = Debug|Any CPU
		Release|Any CPU = Release|Any CPU
	EndGlobalSection
	GlobalSection(ProjectConfigurationPlatforms) = postSolution
		{4EF65F01-9A5C-48F7-8459-94ED4016ECFA}.Debug|Any CPU.ActiveCfg = Debug|Any CPU
		{4EF65F01-9A5C-48F7-8459-94ED4016ECFA}.Debug|Any CPU.Build.0 = Debug|Any CPU
		{4EF65F01-9A5C-48F7-8459-94ED4016ECFA}.Release|Any CPU.ActiveCfg = Release|Any CPU
		{4EF65F01-9A5C-48F7-8459-94ED4016ECFA}.Release|Any CPU.Build.0 = Release|Any CPU
	EndGlobalSection
	GlobalSection(SolutionProperties) = preSolution
		HideSolutionNode = FALSE
	EndGlobalSection
	GlobalSection(ExtensibilityGlobals) = postSolution
		SolutionGuid = {208B4FB1-4A4D-4817-9AD0-E2EC6E85FB9B}
	EndGlobalSection
EndGlobal
