
Microsoft Visual Studio Solution File, Format Version 12.00
# Visual Studio Version 17
VisualStudioVersion = 17.7.34024.191
MinimumVisualStudioVersion = 10.0.40219.1
Project("{9A19103F-16F7-4668-BE54-9A1E7A4F7556}") = "Celarix.JustForFun.ForeverEx", "Celarix.JustForFun.ForeverEx\Celarix.JustForFun.ForeverEx.csproj", "{65BDE9B6-A612-489B-8428-72600BF83291}"
EndProject
Project("{FAE04EC0-301F-11D3-BF4B-00C04F79EFBC}") = "Celarix.JustForFun.ForeverExMemoryView", "Celarix.JustForFun.ForeverExMemoryView\Celarix.JustForFun.ForeverExMemoryView.csproj", "{7B4F1135-02B4-4AA7-93C5-0D34E02848C9}"
EndProject
Global
	GlobalSection(SolutionConfigurationPlatforms) = preSolution
		Debug|Any CPU = Debug|Any CPU
		Release|Any CPU = Release|Any CPU
	EndGlobalSection
	GlobalSection(ProjectConfigurationPlatforms) = postSolution
		{65BDE9B6-A612-489B-8428-72600BF83291}.Debug|Any CPU.ActiveCfg = Debug|Any CPU
		{65BDE9B6-A612-489B-8428-72600BF83291}.Debug|Any CPU.Build.0 = Debug|Any CPU
		{65BDE9B6-A612-489B-8428-72600BF83291}.Release|Any CPU.ActiveCfg = Release|Any CPU
		{65BDE9B6-A612-489B-8428-72600BF83291}.Release|Any CPU.Build.0 = Release|Any CPU
		{7B4F1135-02B4-4AA7-93C5-0D34E02848C9}.Debug|Any CPU.ActiveCfg = Debug|Any CPU
		{7B4F1135-02B4-4AA7-93C5-0D34E02848C9}.Debug|Any CPU.Build.0 = Debug|Any CPU
		{7B4F1135-02B4-4AA7-93C5-0D34E02848C9}.Release|Any CPU.ActiveCfg = Release|Any CPU
		{7B4F1135-02B4-4AA7-93C5-0D34E02848C9}.Release|Any CPU.Build.0 = Release|Any CPU
	EndGlobalSection
	GlobalSection(SolutionProperties) = preSolution
		HideSolutionNode = FALSE
	EndGlobalSection
	GlobalSection(ExtensibilityGlobals) = postSolution
		SolutionGuid = {B8A97C7B-2B0B-4ACC-9553-A6A0A68AF384}
	EndGlobalSection
EndGlobal
