
Microsoft Visual Studio Solution File, Format Version 12.00
# Visual Studio Express 2013 for Windows Desktop
VisualStudioVersion = 12.0.30723.0
MinimumVisualStudioVersion = 10.0.40219.1
Project("{FAE04EC0-301F-11D3-BF4B-00C04F79EFBC}") = "DualStackMemory", "DualStackMemory\DualStackMemory.csproj", "{9FC5B98F-CABB-4418-9804-582EE9643CF9}"
EndProject
Project("{FAE04EC0-301F-11D3-BF4B-00C04F79EFBC}") = "DualStackMemoryProgram", "DualStackMemoryProgram\DualStackMemoryProgram.csproj", "{4DF79F63-9F23-4AA2-9A41-F6081A14B084}"
EndProject
Global
	GlobalSection(SolutionConfigurationPlatforms) = preSolution
		Debug|Any CPU = Debug|Any CPU
		Release|Any CPU = Release|Any CPU
	EndGlobalSection
	GlobalSection(ProjectConfigurationPlatforms) = postSolution
		{9FC5B98F-CABB-4418-9804-582EE9643CF9}.Debug|Any CPU.ActiveCfg = Debug|Any CPU
		{9FC5B98F-CABB-4418-9804-582EE9643CF9}.Debug|Any CPU.Build.0 = Debug|Any CPU
		{9FC5B98F-CABB-4418-9804-582EE9643CF9}.Release|Any CPU.ActiveCfg = Release|Any CPU
		{9FC5B98F-CABB-4418-9804-582EE9643CF9}.Release|Any CPU.Build.0 = Release|Any CPU
		{4DF79F63-9F23-4AA2-9A41-F6081A14B084}.Debug|Any CPU.ActiveCfg = Debug|Any CPU
		{4DF79F63-9F23-4AA2-9A41-F6081A14B084}.Debug|Any CPU.Build.0 = Debug|Any CPU
		{4DF79F63-9F23-4AA2-9A41-F6081A14B084}.Release|Any CPU.ActiveCfg = Release|Any CPU
		{4DF79F63-9F23-4AA2-9A41-F6081A14B084}.Release|Any CPU.Build.0 = Release|Any CPU
	EndGlobalSection
	GlobalSection(SolutionProperties) = preSolution
		HideSolutionNode = FALSE
	EndGlobalSection
EndGlobal
