
Microsoft Visual Studio Solution File, Format Version 12.00
# Visual Studio Version 18
VisualStudioVersion = 18.0.11222.15 d18.0
MinimumVisualStudioVersion = 10.0.40219.1
Project("{9A19103F-16F7-4668-BE54-9A1E7A4F7556}") = "Celarix.JustForFun.FootballSimulator", "Celarix.JustForFun.FootballSimulator\Celarix.JustForFun.FootballSimulator.csproj", "{6707B482-35F5-4924-AAB9-7E7C4782ED26}"
EndProject
Project("{9A19103F-16F7-4668-BE54-9A1E7A4F7556}") = "Celarix.JustForFun.FootballSimulator.Data", "Celarix.JustForFun.FootballSimulator.Data\Celarix.JustForFun.FootballSimulator.Data.csproj", "{370B3CDF-71DF-419C-A3C4-148014CED631}"
EndProject
Project("{FAE04EC0-301F-11D3-BF4B-00C04F79EFBC}") = "Celarix.JustForFun.FootballSimulator.Console", "Celarix.JustForFun.FootballSimulator.Console\Celarix.JustForFun.FootballSimulator.Console.csproj", "{5418556C-3151-4A06-B106-052AF34AA142}"
EndProject
Project("{FAE04EC0-301F-11D3-BF4B-00C04F79EFBC}") = "Celarix.JustForFun.FootballSimulator.Tests", "Celarix.JustForFun.FootballSimulator.Tests\Celarix.JustForFun.FootballSimulator.Tests.csproj", "{81210243-4D2E-45A6-8E0E-C619B160A4BA}"
EndProject
Global
	GlobalSection(SolutionConfigurationPlatforms) = preSolution
		Debug|Any CPU = Debug|Any CPU
		Release|Any CPU = Release|Any CPU
	EndGlobalSection
	GlobalSection(ProjectConfigurationPlatforms) = postSolution
		{6707B482-35F5-4924-AAB9-7E7C4782ED26}.Debug|Any CPU.ActiveCfg = Debug|Any CPU
		{6707B482-35F5-4924-AAB9-7E7C4782ED26}.Debug|Any CPU.Build.0 = Debug|Any CPU
		{6707B482-35F5-4924-AAB9-7E7C4782ED26}.Release|Any CPU.ActiveCfg = Release|Any CPU
		{6707B482-35F5-4924-AAB9-7E7C4782ED26}.Release|Any CPU.Build.0 = Release|Any CPU
		{370B3CDF-71DF-419C-A3C4-148014CED631}.Debug|Any CPU.ActiveCfg = Debug|Any CPU
		{370B3CDF-71DF-419C-A3C4-148014CED631}.Debug|Any CPU.Build.0 = Debug|Any CPU
		{370B3CDF-71DF-419C-A3C4-148014CED631}.Release|Any CPU.ActiveCfg = Release|Any CPU
		{370B3CDF-71DF-419C-A3C4-148014CED631}.Release|Any CPU.Build.0 = Release|Any CPU
		{5418556C-3151-4A06-B106-052AF34AA142}.Debug|Any CPU.ActiveCfg = Debug|Any CPU
		{5418556C-3151-4A06-B106-052AF34AA142}.Debug|Any CPU.Build.0 = Debug|Any CPU
		{5418556C-3151-4A06-B106-052AF34AA142}.Release|Any CPU.ActiveCfg = Release|Any CPU
		{5418556C-3151-4A06-B106-052AF34AA142}.Release|Any CPU.Build.0 = Release|Any CPU
		{81210243-4D2E-45A6-8E0E-C619B160A4BA}.Debug|Any CPU.ActiveCfg = Debug|Any CPU
		{81210243-4D2E-45A6-8E0E-C619B160A4BA}.Debug|Any CPU.Build.0 = Debug|Any CPU
		{81210243-4D2E-45A6-8E0E-C619B160A4BA}.Release|Any CPU.ActiveCfg = Release|Any CPU
		{81210243-4D2E-45A6-8E0E-C619B160A4BA}.Release|Any CPU.Build.0 = Release|Any CPU
	EndGlobalSection
	GlobalSection(SolutionProperties) = preSolution
		HideSolutionNode = FALSE
	EndGlobalSection
	GlobalSection(ExtensibilityGlobals) = postSolution
		SolutionGuid = {24C1B818-E902-4226-B650-178AAE48A17E}
	EndGlobalSection
EndGlobal
