
Microsoft Visual Studio Solution File, Format Version 12.00
# Visual Studio Version 16
VisualStudioVersion = 16.0.31321.278
MinimumVisualStudioVersion = 10.0.40219.1
Project("{9A19103F-16F7-4668-BE54-9A1E7A4F7556}") = "Celarix.IO.FileAnalysis", "Celarix.IO.FileAnalysis\Celarix.IO.FileAnalysis.csproj", "{279C1C14-ADB1-4958-AADC-7AFFDC876461}"
EndProject
Project("{9A19103F-16F7-4668-BE54-9A1E7A4F7556}") = "Celarix.IO.FileAnalysis.Console", "Celarix.IO.FileAnalysis.Console\Celarix.IO.FileAnalysis.Console.csproj", "{DD174519-AC54-4279-8D6B-022BB9859DBF}"
EndProject
Project("{9A19103F-16F7-4668-BE54-9A1E7A4F7556}") = "SevenZip", "SevenZipSharp-dev\SevenZip\SevenZip.csproj", "{9CD073A0-7AA7-4021-A621-0A4CAFA83739}"
EndProject
Global
	GlobalSection(SolutionConfigurationPlatforms) = preSolution
		Debug|Any CPU = Debug|Any CPU
		Release|Any CPU = Release|Any CPU
	EndGlobalSection
	GlobalSection(ProjectConfigurationPlatforms) = postSolution
		{279C1C14-ADB1-4958-AADC-7AFFDC876461}.Debug|Any CPU.ActiveCfg = Debug|Any CPU
		{279C1C14-ADB1-4958-AADC-7AFFDC876461}.Debug|Any CPU.Build.0 = Debug|Any CPU
		{279C1C14-ADB1-4958-AADC-7AFFDC876461}.Release|Any CPU.ActiveCfg = Release|Any CPU
		{279C1C14-ADB1-4958-AADC-7AFFDC876461}.Release|Any CPU.Build.0 = Release|Any CPU
		{DD174519-AC54-4279-8D6B-022BB9859DBF}.Debug|Any CPU.ActiveCfg = Debug|Any CPU
		{DD174519-AC54-4279-8D6B-022BB9859DBF}.Debug|Any CPU.Build.0 = Debug|Any CPU
		{DD174519-AC54-4279-8D6B-022BB9859DBF}.Release|Any CPU.ActiveCfg = Release|Any CPU
		{DD174519-AC54-4279-8D6B-022BB9859DBF}.Release|Any CPU.Build.0 = Release|Any CPU
		{9CD073A0-7AA7-4021-A621-0A4CAFA83739}.Debug|Any CPU.ActiveCfg = Debug|Any CPU
		{9CD073A0-7AA7-4021-A621-0A4CAFA83739}.Debug|Any CPU.Build.0 = Debug|Any CPU
		{9CD073A0-7AA7-4021-A621-0A4CAFA83739}.Release|Any CPU.ActiveCfg = Release|Any CPU
		{9CD073A0-7AA7-4021-A621-0A4CAFA83739}.Release|Any CPU.Build.0 = Release|Any CPU
	EndGlobalSection
	GlobalSection(SolutionProperties) = preSolution
		HideSolutionNode = FALSE
	EndGlobalSection
	GlobalSection(ExtensibilityGlobals) = postSolution
		SolutionGuid = {D80C4071-A8E8-4DBA-88D8-8B3EF854F771}
	EndGlobalSection
EndGlobal
