
Microsoft Visual Studio Solution File, Format Version 12.00
# Visual Studio 2013
VisualStudioVersion = 12.0.31101.0
MinimumVisualStudioVersion = 10.0.40219.1
Project("{FAE04EC0-301F-11D3-BF4B-00C04F79EFBC}") = "SomeDungeonGame", "LimitlessBase\SomeDungeonGame.csproj", "{D67DA401-8012-4266-AE7B-3C63261E84F7}"
EndProject
Global
	GlobalSection(SolutionConfigurationPlatforms) = preSolution
		Debug|x86 = Debug|x86
		Release|x86 = Release|x86
	EndGlobalSection
	GlobalSection(ProjectConfigurationPlatforms) = postSolution
		{D67DA401-8012-4266-AE7B-3C63261E84F7}.Debug|x86.ActiveCfg = Debug|x86
		{D67DA401-8012-4266-AE7B-3C63261E84F7}.Debug|x86.Build.0 = Debug|x86
		{D67DA401-8012-4266-AE7B-3C63261E84F7}.Release|x86.ActiveCfg = Release|x86
		{D67DA401-8012-4266-AE7B-3C63261E84F7}.Release|x86.Build.0 = Release|x86
	EndGlobalSection
	GlobalSection(SolutionProperties) = preSolution
		HideSolutionNode = FALSE
	EndGlobalSection
EndGlobal
