
Microsoft Visual Studio Solution File, Format Version 12.00
# Visual Studio Version 17
VisualStudioVersion = 17.13.35931.197 d17.13
MinimumVisualStudioVersion = 10.0.40219.1
Project("{FAE04EC0-301F-11D3-BF4B-00C04F79EFBC}") = "Celarix.AutoGrouper", "Celarix.AutoGrouper\Celarix.AutoGrouper.csproj", "{BBA85AB9-1463-472F-862B-05FBE1B6394D}"
EndProject
Global
	GlobalSection(SolutionConfigurationPlatforms) = preSolution
		Debug|Any CPU = Debug|Any CPU
		Release|Any CPU = Release|Any CPU
	EndGlobalSection
	GlobalSection(ProjectConfigurationPlatforms) = postSolution
		{BBA85AB9-1463-472F-862B-05FBE1B6394D}.Debug|Any CPU.ActiveCfg = Debug|Any CPU
		{BBA85AB9-1463-472F-862B-05FBE1B6394D}.Debug|Any CPU.Build.0 = Debug|Any CPU
		{BBA85AB9-1463-472F-862B-05FBE1B6394D}.Release|Any CPU.ActiveCfg = Release|Any CPU
		{BBA85AB9-1463-472F-862B-05FBE1B6394D}.Release|Any CPU.Build.0 = Release|Any CPU
	EndGlobalSection
	GlobalSection(SolutionProperties) = preSolution
		HideSolutionNode = FALSE
	EndGlobalSection
	GlobalSection(ExtensibilityGlobals) = postSolution
		SolutionGuid = {D9B9818A-81A5-467F-AF61-B437A9C12177}
	EndGlobalSection
EndGlobal
